
Microsoft Visual Studio Solution File, Format Version 11.00
# Visual Studio 2010
Project("{FAE04EC0-301F-11D3-BF4B-00C04F79EFBC}") = "Assembly-CSharp", "Assembly-CSharp.csproj", "{55A6F013-71BA-212A-A5A1-A8C0179D0F5F}"
EndProject
Project("{FAE04EC0-301F-11D3-BF4B-00C04F79EFBC}") = "Assembly-CSharp-Editor", "Assembly-CSharp-Editor.csproj", "{1FF70C79-5F1C-DAA6-9FB0-0A43CDE03884}"
EndProject
Global
	GlobalSection(SolutionConfigurationPlatforms) = preSolution
		Debug|Any CPU = Debug|Any CPU
		Release|Any CPU = Release|Any CPU
	EndGlobalSection
	GlobalSection(ProjectConfigurationPlatforms) = postSolution
		{55A6F013-71BA-212A-A5A1-A8C0179D0F5F}.Debug|Any CPU.ActiveCfg = Debug|Any CPU
		{55A6F013-71BA-212A-A5A1-A8C0179D0F5F}.Debug|Any CPU.Build.0 = Debug|Any CPU
		{55A6F013-71BA-212A-A5A1-A8C0179D0F5F}.Release|Any CPU.ActiveCfg = Release|Any CPU
		{55A6F013-71BA-212A-A5A1-A8C0179D0F5F}.Release|Any CPU.Build.0 = Release|Any CPU
		{1FF70C79-5F1C-DAA6-9FB0-0A43CDE03884}.Debug|Any CPU.ActiveCfg = Debug|Any CPU
		{1FF70C79-5F1C-DAA6-9FB0-0A43CDE03884}.Debug|Any CPU.Build.0 = Debug|Any CPU
		{1FF70C79-5F1C-DAA6-9FB0-0A43CDE03884}.Release|Any CPU.ActiveCfg = Release|Any CPU
		{1FF70C79-5F1C-DAA6-9FB0-0A43CDE03884}.Release|Any CPU.Build.0 = Release|Any CPU
	EndGlobalSection
	GlobalSection(SolutionProperties) = preSolution
		HideSolutionNode = FALSE
	EndGlobalSection
EndGlobal
